// !$*UTF8*$!
{
	archiveVersion = 1;
	classes = {
	};
	objectVersion = 50;
	objects = {

/* Begin PBXBuildFile section */
		EF072E432314094A0048652A /* AppDelegate.swift in Sources */ = {isa = PBXBuildFile; fileRef = EF072E422314094A0048652A /* AppDelegate.swift */; };
		EF072E482314094A0048652A /* Main.storyboard in Resources */ = {isa = PBXBuildFile; fileRef = EF072E462314094A0048652A /* Main.storyboard */; };
		EF072E4A2314095B0048652A /* Assets.xcassets in Resources */ = {isa = PBXBuildFile; fileRef = EF072E492314095B0048652A /* Assets.xcassets */; };
		EF072E4D2314095B0048652A /* LaunchScreen.storyboard in Resources */ = {isa = PBXBuildFile; fileRef = EF072E4B2314095B0048652A /* LaunchScreen.storyboard */; };
		EF072E5823140AC20048652A /* Onboard.storyboard in Resources */ = {isa = PBXBuildFile; fileRef = EF072E5723140AC20048652A /* Onboard.storyboard */; };
		EF072E5E23140B700048652A /* SinglePlayer.storyboard in Resources */ = {isa = PBXBuildFile; fileRef = EF072E5C23140B700048652A /* SinglePlayer.storyboard */; };
		EF072E6123140C6F0048652A /* Profile.storyboard in Resources */ = {isa = PBXBuildFile; fileRef = EF072E5F23140C6F0048652A /* Profile.storyboard */; };
		EF072E6423140CCF0048652A /* Signup.storyboard in Resources */ = {isa = PBXBuildFile; fileRef = EF072E6223140CCF0048652A /* Signup.storyboard */; };
		EF072E6A23140DE20048652A /* MainViewController.swift in Sources */ = {isa = PBXBuildFile; fileRef = EF072E6923140DE20048652A /* MainViewController.swift */; };
		EF072E6D23140E270048652A /* User.xcdatamodeld in Sources */ = {isa = PBXBuildFile; fileRef = EF072E6B23140E270048652A /* User.xcdatamodeld */; };
		EF072E7023140E940048652A /* UserController.swift in Sources */ = {isa = PBXBuildFile; fileRef = EF072E6F23140E940048652A /* UserController.swift */; };
		EF3BDFAC2314631F00344AE2 /* TwiterBirdView.swift in Sources */ = {isa = PBXBuildFile; fileRef = EF3BDFAB2314631F00344AE2 /* TwiterBirdView.swift */; };
		EF3BDFAE231483F800344AE2 /* OnboardViewController.swift in Sources */ = {isa = PBXBuildFile; fileRef = EF3BDFAD231483F800344AE2 /* OnboardViewController.swift */; };
		EF3BDFB02314898F00344AE2 /* InstructionsView.swift in Sources */ = {isa = PBXBuildFile; fileRef = EF3BDFAF2314898F00344AE2 /* InstructionsView.swift */; };
		EFDF8CB9231426F100AEBCF8 /* AppearanceHelper.swift in Sources */ = {isa = PBXBuildFile; fileRef = EFDF8CB8231426F100AEBCF8 /* AppearanceHelper.swift */; };
/* End PBXBuildFile section */

/* Begin PBXFileReference section */
		EF072E3F2314094A0048652A /* GuessWho.app */ = {isa = PBXFileReference; explicitFileType = wrapper.application; includeInIndex = 0; path = GuessWho.app; sourceTree = BUILT_PRODUCTS_DIR; };
		EF072E422314094A0048652A /* AppDelegate.swift */ = {isa = PBXFileReference; lastKnownFileType = sourcecode.swift; path = AppDelegate.swift; sourceTree = "<group>"; };
		EF072E472314094A0048652A /* Base */ = {isa = PBXFileReference; lastKnownFileType = file.storyboard; name = Base; path = Base.lproj/Main.storyboard; sourceTree = "<group>"; };
		EF072E492314095B0048652A /* Assets.xcassets */ = {isa = PBXFileReference; lastKnownFileType = folder.assetcatalog; path = Assets.xcassets; sourceTree = "<group>"; };
		EF072E4C2314095B0048652A /* Base */ = {isa = PBXFileReference; lastKnownFileType = file.storyboard; name = Base; path = Base.lproj/LaunchScreen.storyboard; sourceTree = "<group>"; };
		EF072E4E2314095B0048652A /* Info.plist */ = {isa = PBXFileReference; lastKnownFileType = text.plist.xml; path = Info.plist; sourceTree = "<group>"; };
		EF072E5723140AC20048652A /* Onboard.storyboard */ = {isa = PBXFileReference; fileEncoding = 4; lastKnownFileType = file.storyboard; path = Onboard.storyboard; sourceTree = "<group>"; };
		EF072E5D23140B700048652A /* Base */ = {isa = PBXFileReference; lastKnownFileType = file.storyboard; name = Base; path = GuessWho/Base.lproj/SinglePlayer.storyboard; sourceTree = "<group>"; };
		EF072E6023140C6F0048652A /* Base */ = {isa = PBXFileReference; lastKnownFileType = file.storyboard; name = Base; path = GuessWho/Base.lproj/Profile.storyboard; sourceTree = "<group>"; };
		EF072E6323140CCF0048652A /* Base */ = {isa = PBXFileReference; lastKnownFileType = file.storyboard; name = Base; path = GuessWho/Base.lproj/Signup.storyboard; sourceTree = "<group>"; };
		EF072E6923140DE20048652A /* MainViewController.swift */ = {isa = PBXFileReference; lastKnownFileType = sourcecode.swift; path = MainViewController.swift; sourceTree = "<group>"; };
		EF072E6C23140E270048652A /* User.xcdatamodel */ = {isa = PBXFileReference; lastKnownFileType = wrapper.xcdatamodel; path = User.xcdatamodel; sourceTree = "<group>"; };
		EF072E6F23140E940048652A /* UserController.swift */ = {isa = PBXFileReference; lastKnownFileType = sourcecode.swift; path = UserController.swift; sourceTree = "<group>"; };
		EF3BDFAB2314631F00344AE2 /* TwiterBirdView.swift */ = {isa = PBXFileReference; lastKnownFileType = sourcecode.swift; path = TwiterBirdView.swift; sourceTree = "<group>"; };
		EF3BDFAD231483F800344AE2 /* OnboardViewController.swift */ = {isa = PBXFileReference; lastKnownFileType = sourcecode.swift; name = OnboardViewController.swift; path = GuessWho/ViewControllers/OnboardViewController.swift; sourceTree = SOURCE_ROOT; };
		EF3BDFAF2314898F00344AE2 /* InstructionsView.swift */ = {isa = PBXFileReference; lastKnownFileType = sourcecode.swift; name = InstructionsView.swift; path = GuessWho/ViewControllers/InstructionsView.swift; sourceTree = SOURCE_ROOT; };
		EFDF8CB8231426F100AEBCF8 /* AppearanceHelper.swift */ = {isa = PBXFileReference; lastKnownFileType = sourcecode.swift; name = AppearanceHelper.swift; path = GuessWho/ViewControllers/AppearanceHelper.swift; sourceTree = SOURCE_ROOT; };
		EFDF8CBA23142EE800AEBCF8 /* futura medium bt.ttf */ = {isa = PBXFileReference; lastKnownFileType = file; path = "futura medium bt.ttf"; sourceTree = "<group>"; };
/* End PBXFileReference section */

/* Begin PBXFrameworksBuildPhase section */
		EF072E3C2314094A0048652A /* Frameworks */ = {
			isa = PBXFrameworksBuildPhase;
			buildActionMask = 2147483647;
			files = (
			);
			runOnlyForDeploymentPostprocessing = 0;
		};
/* End PBXFrameworksBuildPhase section */

/* Begin PBXGroup section */
		EF072E362314094A0048652A = {
			isa = PBXGroup;
			children = (
				EF072E412314094A0048652A /* GuessWho */,
				EF072E402314094A0048652A /* Products */,
			);
			sourceTree = "<group>";
		};
		EF072E402314094A0048652A /* Products */ = {
			isa = PBXGroup;
			children = (
				EF072E3F2314094A0048652A /* GuessWho.app */,
			);
			name = Products;
			sourceTree = "<group>";
		};
		EF072E412314094A0048652A /* GuessWho */ = {
			isa = PBXGroup;
			children = (
				EF072E422314094A0048652A /* AppDelegate.swift */,
				EF072E7123140E9B0048652A /* ModelController */,
				EF072E6E23140E350048652A /* Models */,
				EF072E6823140DBE0048652A /* ViewControllers */,
				EF072E6523140D680048652A /* StoryBoards */,
				EF072E492314095B0048652A /* Assets.xcassets */,
				EF072E4B2314095B0048652A /* LaunchScreen.storyboard */,
				EF072E4E2314095B0048652A /* Info.plist */,
				EFDF8CBA23142EE800AEBCF8 /* futura medium bt.ttf */,
			);
			path = GuessWho;
			sourceTree = "<group>";
		};
		EF072E6523140D680048652A /* StoryBoards */ = {
			isa = PBXGroup;
			children = (
				EF072E5723140AC20048652A /* Onboard.storyboard */,
				EF072E462314094A0048652A /* Main.storyboard */,
				EF072E5C23140B700048652A /* SinglePlayer.storyboard */,
				EF072E6223140CCF0048652A /* Signup.storyboard */,
				EF072E5F23140C6F0048652A /* Profile.storyboard */,
			);
			path = StoryBoards;
			sourceTree = "<group>";
		};
		EF072E6823140DBE0048652A /* ViewControllers */ = {
			isa = PBXGroup;
			children = (
				EF072E6923140DE20048652A /* MainViewController.swift */,
				EF3BDFAD231483F800344AE2 /* OnboardViewController.swift */,
				EF3BDFAB2314631F00344AE2 /* TwiterBirdView.swift */,
				EFDF8CB8231426F100AEBCF8 /* AppearanceHelper.swift */,
				EF3BDFAF2314898F00344AE2 /* InstructionsView.swift */,
			);
			path = ViewControllers;
			sourceTree = "<group>";
		};
		EF072E6E23140E350048652A /* Models */ = {
			isa = PBXGroup;
			children = (
				EF072E6B23140E270048652A /* User.xcdatamodeld */,
			);
			path = Models;
			sourceTree = "<group>";
		};
		EF072E7123140E9B0048652A /* ModelController */ = {
			isa = PBXGroup;
			children = (
				EF072E6F23140E940048652A /* UserController.swift */,
			);
			path = ModelController;
			sourceTree = "<group>";
		};
/* End PBXGroup section */

/* Begin PBXNativeTarget section */
		EF072E3E2314094A0048652A /* GuessWho */ = {
			isa = PBXNativeTarget;
			buildConfigurationList = EF072E512314095B0048652A /* Build configuration list for PBXNativeTarget "GuessWho" */;
			buildPhases = (
				EF072E3B2314094A0048652A /* Sources */,
				EF072E3C2314094A0048652A /* Frameworks */,
				EF072E3D2314094A0048652A /* Resources */,
			);
			buildRules = (
			);
			dependencies = (
			);
			name = GuessWho;
			productName = GuessWho;
			productReference = EF072E3F2314094A0048652A /* GuessWho.app */;
			productType = "com.apple.product-type.application";
		};
/* End PBXNativeTarget section */

/* Begin PBXProject section */
		EF072E372314094A0048652A /* Project object */ = {
			isa = PBXProject;
			attributes = {
				LastSwiftUpdateCheck = 1020;
				LastUpgradeCheck = 1020;
				ORGANIZATIONNAME = "Luqmaan Khan";
				TargetAttributes = {
					EF072E3E2314094A0048652A = {
						CreatedOnToolsVersion = 10.2.1;
					};
				};
			};
			buildConfigurationList = EF072E3A2314094A0048652A /* Build configuration list for PBXProject "GuessWho" */;
			compatibilityVersion = "Xcode 9.3";
			developmentRegion = en;
			hasScannedForEncodings = 0;
			knownRegions = (
				en,
				Base,
			);
			mainGroup = EF072E362314094A0048652A;
			productRefGroup = EF072E402314094A0048652A /* Products */;
			projectDirPath = "";
			projectRoot = "";
			targets = (
				EF072E3E2314094A0048652A /* GuessWho */,
			);
		};
/* End PBXProject section */

/* Begin PBXResourcesBuildPhase section */
		EF072E3D2314094A0048652A /* Resources */ = {
			isa = PBXResourcesBuildPhase;
			buildActionMask = 2147483647;
			files = (
				EF072E6123140C6F0048652A /* Profile.storyboard in Resources */,
				EF072E4D2314095B0048652A /* LaunchScreen.storyboard in Resources */,
				EF072E4A2314095B0048652A /* Assets.xcassets in Resources */,
				EF072E5823140AC20048652A /* Onboard.storyboard in Resources */,
				EF072E482314094A0048652A /* Main.storyboard in Resources */,
				EF072E5E23140B700048652A /* SinglePlayer.storyboard in Resources */,
				EF072E6423140CCF0048652A /* Signup.storyboard in Resources */,
			);
			runOnlyForDeploymentPostprocessing = 0;
		};
/* End PBXResourcesBuildPhase section */

/* Begin PBXSourcesBuildPhase section */
		EF072E3B2314094A0048652A /* Sources */ = {
			isa = PBXSourcesBuildPhase;
			buildActionMask = 2147483647;
			files = (
				EF072E6D23140E270048652A /* User.xcdatamodeld in Sources */,
				EF3BDFB02314898F00344AE2 /* InstructionsView.swift in Sources */,
				EF3BDFAE231483F800344AE2 /* OnboardViewController.swift in Sources */,
				EF072E432314094A0048652A /* AppDelegate.swift in Sources */,
				EF3BDFAC2314631F00344AE2 /* TwiterBirdView.swift in Sources */,
				EF072E7023140E940048652A /* UserController.swift in Sources */,
				EFDF8CB9231426F100AEBCF8 /* AppearanceHelper.swift in Sources */,
				EF072E6A23140DE20048652A /* MainViewController.swift in Sources */,
			);
			runOnlyForDeploymentPostprocessing = 0;
		};
/* End PBXSourcesBuildPhase section */

/* Begin PBXVariantGroup section */
		EF072E462314094A0048652A /* Main.storyboard */ = {
			isa = PBXVariantGroup;
			children = (
				EF072E472314094A0048652A /* Base */,
			);
			name = Main.storyboard;
			sourceTree = "<group>";
		};
		EF072E4B2314095B0048652A /* LaunchScreen.storyboard */ = {
			isa = PBXVariantGroup;
			children = (
				EF072E4C2314095B0048652A /* Base */,
			);
			name = LaunchScreen.storyboard;
			sourceTree = "<group>";
		};
		EF072E5C23140B700048652A /* SinglePlayer.storyboard */ = {
			isa = PBXVariantGroup;
			children = (
				EF072E5D23140B700048652A /* Base */,
			);
			name = SinglePlayer.storyboard;
			sourceTree = "<group>";
		};
		EF072E5F23140C6F0048652A /* Profile.storyboard */ = {
			isa = PBXVariantGroup;
			children = (
				EF072E6023140C6F0048652A /* Base */,
			);
			name = Profile.storyboard;
			sourceTree = "<group>";
		};
		EF072E6223140CCF0048652A /* Signup.storyboard */ = {
			isa = PBXVariantGroup;
			children = (
				EF072E6323140CCF0048652A /* Base */,
			);
			name = Signup.storyboard;
			sourceTree = "<group>";
		};
/* End PBXVariantGroup section */

/* Begin XCBuildConfiguration section */
		EF072E4F2314095B0048652A /* Debug */ = {
			isa = XCBuildConfiguration;
			buildSettings = {
				ALWAYS_SEARCH_USER_PATHS = NO;
				CLANG_ANALYZER_NONNULL = YES;
				CLANG_ANALYZER_NUMBER_OBJECT_CONVERSION = YES_AGGRESSIVE;
				CLANG_CXX_LANGUAGE_STANDARD = "gnu++14";
				CLANG_CXX_LIBRARY = "libc++";
				CLANG_ENABLE_MODULES = YES;
				CLANG_ENABLE_OBJC_ARC = YES;
				CLANG_ENABLE_OBJC_WEAK = YES;
				CLANG_WARN_BLOCK_CAPTURE_AUTORELEASING = YES;
				CLANG_WARN_BOOL_CONVERSION = YES;
				CLANG_WARN_COMMA = YES;
				CLANG_WARN_CONSTANT_CONVERSION = YES;
				CLANG_WARN_DEPRECATED_OBJC_IMPLEMENTATIONS = YES;
				CLANG_WARN_DIRECT_OBJC_ISA_USAGE = YES_ERROR;
				CLANG_WARN_DOCUMENTATION_COMMENTS = YES;
				CLANG_WARN_EMPTY_BODY = YES;
				CLANG_WARN_ENUM_CONVERSION = YES;
				CLANG_WARN_INFINITE_RECURSION = YES;
				CLANG_WARN_INT_CONVERSION = YES;
				CLANG_WARN_NON_LITERAL_NULL_CONVERSION = YES;
				CLANG_WARN_OBJC_IMPLICIT_RETAIN_SELF = YES;
				CLANG_WARN_OBJC_LITERAL_CONVERSION = YES;
				CLANG_WARN_OBJC_ROOT_CLASS = YES_ERROR;
				CLANG_WARN_RANGE_LOOP_ANALYSIS = YES;
				CLANG_WARN_STRICT_PROTOTYPES = YES;
				CLANG_WARN_SUSPICIOUS_MOVE = YES;
				CLANG_WARN_UNGUARDED_AVAILABILITY = YES_AGGRESSIVE;
				CLANG_WARN_UNREACHABLE_CODE = YES;
				CLANG_WARN__DUPLICATE_METHOD_MATCH = YES;
				CODE_SIGN_IDENTITY = "iPhone Developer";
				COPY_PHASE_STRIP = NO;
				DEBUG_INFORMATION_FORMAT = dwarf;
				ENABLE_STRICT_OBJC_MSGSEND = YES;
				ENABLE_TESTABILITY = YES;
				GCC_C_LANGUAGE_STANDARD = gnu11;
				GCC_DYNAMIC_NO_PIC = NO;
				GCC_NO_COMMON_BLOCKS = YES;
				GCC_OPTIMIZATION_LEVEL = 0;
				GCC_PREPROCESSOR_DEFINITIONS = (
					"DEBUG=1",
					"$(inherited)",
				);
				GCC_WARN_64_TO_32_BIT_CONVERSION = YES;
				GCC_WARN_ABOUT_RETURN_TYPE = YES_ERROR;
				GCC_WARN_UNDECLARED_SELECTOR = YES;
				GCC_WARN_UNINITIALIZED_AUTOS = YES_AGGRESSIVE;
				GCC_WARN_UNUSED_FUNCTION = YES;
				GCC_WARN_UNUSED_VARIABLE = YES;
				IPHONEOS_DEPLOYMENT_TARGET = 12.2;
				MTL_ENABLE_DEBUG_INFO = INCLUDE_SOURCE;
				MTL_FAST_MATH = YES;
				ONLY_ACTIVE_ARCH = YES;
				SDKROOT = iphoneos;
				SWIFT_ACTIVE_COMPILATION_CONDITIONS = DEBUG;
				SWIFT_OPTIMIZATION_LEVEL = "-Onone";
			};
			name = Debug;
		};
		EF072E502314095B0048652A /* Release */ = {
			isa = XCBuildConfiguration;
			buildSettings = {
				ALWAYS_SEARCH_USER_PATHS = NO;
				CLANG_ANALYZER_NONNULL = YES;
				CLANG_ANALYZER_NUMBER_OBJECT_CONVERSION = YES_AGGRESSIVE;
				CLANG_CXX_LANGUAGE_STANDARD = "gnu++14";
				CLANG_CXX_LIBRARY = "libc++";
				CLANG_ENABLE_MODULES = YES;
				CLANG_ENABLE_OBJC_ARC = YES;
				CLANG_ENABLE_OBJC_WEAK = YES;
				CLANG_WARN_BLOCK_CAPTURE_AUTORELEASING = YES;
				CLANG_WARN_BOOL_CONVERSION = YES;
				CLANG_WARN_COMMA = YES;
				CLANG_WARN_CONSTANT_CONVERSION = YES;
				CLANG_WARN_DEPRECATED_OBJC_IMPLEMENTATIONS = YES;
				CLANG_WARN_DIRECT_OBJC_ISA_USAGE = YES_ERROR;
				CLANG_WARN_DOCUMENTATION_COMMENTS = YES;
				CLANG_WARN_EMPTY_BODY = YES;
				CLANG_WARN_ENUM_CONVERSION = YES;
				CLANG_WARN_INFINITE_RECURSION = YES;
				CLANG_WARN_INT_CONVERSION = YES;
				CLANG_WARN_NON_LITERAL_NULL_CONVERSION = YES;
				CLANG_WARN_OBJC_IMPLICIT_RETAIN_SELF = YES;
				CLANG_WARN_OBJC_LITERAL_CONVERSION = YES;
				CLANG_WARN_OBJC_ROOT_CLASS = YES_ERROR;
				CLANG_WARN_RANGE_LOOP_ANALYSIS = YES;
				CLANG_WARN_STRICT_PROTOTYPES = YES;
				CLANG_WARN_SUSPICIOUS_MOVE = YES;
				CLANG_WARN_UNGUARDED_AVAILABILITY = YES_AGGRESSIVE;
				CLANG_WARN_UNREACHABLE_CODE = YES;
				CLANG_WARN__DUPLICATE_METHOD_MATCH = YES;
				CODE_SIGN_IDENTITY = "iPhone Developer";
				COPY_PHASE_STRIP = NO;
				DEBUG_INFORMATION_FORMAT = "dwarf-with-dsym";
				ENABLE_NS_ASSERTIONS = NO;
				ENABLE_STRICT_OBJC_MSGSEND = YES;
				GCC_C_LANGUAGE_STANDARD = gnu11;
				GCC_NO_COMMON_BLOCKS = YES;
				GCC_WARN_64_TO_32_BIT_CONVERSION = YES;
				GCC_WARN_ABOUT_RETURN_TYPE = YES_ERROR;
				GCC_WARN_UNDECLARED_SELECTOR = YES;
				GCC_WARN_UNINITIALIZED_AUTOS = YES_AGGRESSIVE;
				GCC_WARN_UNUSED_FUNCTION = YES;
				GCC_WARN_UNUSED_VARIABLE = YES;
				IPHONEOS_DEPLOYMENT_TARGET = 12.2;
				MTL_ENABLE_DEBUG_INFO = NO;
				MTL_FAST_MATH = YES;
				SDKROOT = iphoneos;
				SWIFT_COMPILATION_MODE = wholemodule;
				SWIFT_OPTIMIZATION_LEVEL = "-O";
				VALIDATE_PRODUCT = YES;
			};
			name = Release;
		};
		EF072E522314095B0048652A /* Debug */ = {
			isa = XCBuildConfiguration;
			buildSettings = {
				ASSETCATALOG_COMPILER_APPICON_NAME = AppIcon;
				CODE_SIGN_STYLE = Automatic;
				DEVELOPMENT_TEAM = VXUQXR6S56;
				INFOPLIST_FILE = GuessWho/Info.plist;
				LD_RUNPATH_SEARCH_PATHS = (
					"$(inherited)",
					"@executable_path/Frameworks",
				);
				PRODUCT_BUNDLE_IDENTIFIER = com.luqmaankhan.GuessWho;
				PRODUCT_NAME = "$(TARGET_NAME)";
				SWIFT_VERSION = 5.0;
				TARGETED_DEVICE_FAMILY = "1,2";
			};
			name = Debug;
		};
		EF072E532314095B0048652A /* Release */ = {
			isa = XCBuildConfiguration;
			buildSettings = {
				ASSETCATALOG_COMPILER_APPICON_NAME = AppIcon;
				CODE_SIGN_STYLE = Automatic;
				DEVELOPMENT_TEAM = VXUQXR6S56;
				INFOPLIST_FILE = GuessWho/Info.plist;
				LD_RUNPATH_SEARCH_PATHS = (
					"$(inherited)",
					"@executable_path/Frameworks",
				);
				PRODUCT_BUNDLE_IDENTIFIER = com.luqmaankhan.GuessWho;
				PRODUCT_NAME = "$(TARGET_NAME)";
				SWIFT_VERSION = 5.0;
				TARGETED_DEVICE_FAMILY = "1,2";
			};
			name = Release;
		};
/* End XCBuildConfiguration section */

/* Begin XCConfigurationList section */
		EF072E3A2314094A0048652A /* Build configuration list for PBXProject "GuessWho" */ = {
			isa = XCConfigurationList;
			buildConfigurations = (
				EF072E4F2314095B0048652A /* Debug */,
				EF072E502314095B0048652A /* Release */,
			);
			defaultConfigurationIsVisible = 0;
			defaultConfigurationName = Release;
		};
		EF072E512314095B0048652A /* Build configuration list for PBXNativeTarget "GuessWho" */ = {
			isa = XCConfigurationList;
			buildConfigurations = (
				EF072E522314095B0048652A /* Debug */,
				EF072E532314095B0048652A /* Release */,
			);
			defaultConfigurationIsVisible = 0;
			defaultConfigurationName = Release;
		};
/* End XCConfigurationList section */

/* Begin XCVersionGroup section */
		EF072E6B23140E270048652A /* User.xcdatamodeld */ = {
			isa = XCVersionGroup;
			children = (
				EF072E6C23140E270048652A /* User.xcdatamodel */,
			);
			currentVersion = EF072E6C23140E270048652A /* User.xcdatamodel */;
			path = User.xcdatamodeld;
			sourceTree = "<group>";
			versionGroupType = wrapper.xcdatamodel;
		};
/* End XCVersionGroup section */
	};
	rootObject = EF072E372314094A0048652A /* Project object */;
}
